
Microsoft Visual Studio Solution File, Format Version 12.00
# Visual Studio Version 17
VisualStudioVersion = 17.11.35431.28
MinimumVisualStudioVersion = 10.0.40219.1
Project("{9A19103F-16F7-4668-BE54-9A1E7A4F7556}") = "Dashboard.App", "Dashboard.App.csproj", "{4C9595CB-94FA-42AF-BE73-FFE32DF0870A}"
EndProject
Global
	GlobalSection(SolutionConfigurationPlatforms) = preSolution
		Debug|Any CPU = Debug|Any CPU
		Release|Any CPU = Release|Any CPU
	EndGlobalSection
	GlobalSection(ProjectConfigurationPlatforms) = postSolution
		{4C9595CB-94FA-42AF-BE73-FFE32DF0870A}.Debug|Any CPU.ActiveCfg = Debug|Any CPU
		{4C9595CB-94FA-42AF-BE73-FFE32DF0870A}.Debug|Any CPU.Build.0 = Debug|Any CPU
		{4C9595CB-94FA-42AF-BE73-FFE32DF0870A}.Release|Any CPU.ActiveCfg = Release|Any CPU
		{4C9595CB-94FA-42AF-BE73-FFE32DF0870A}.Release|Any CPU.Build.0 = Release|Any CPU
	EndGlobalSection
	GlobalSection(SolutionProperties) = preSolution
		HideSolutionNode = FALSE
	EndGlobalSection
	GlobalSection(ExtensibilityGlobals) = postSolution
		SolutionGuid = {CCA20A80-508B-4DEF-854A-F761B6933D66}
	EndGlobalSection
EndGlobal
